// !$*UTF8*$!
{
	archiveVersion = 1;
	classes = {
	};
	objectVersion = 56;
	objects = {

/* Begin PBXBuildFile section */
		EA10CB0E2BC5F8150005B510 /* jsonWebVM.swift in Sources */ = {isa = PBXBuildFile; fileRef = EA10CB0D2BC5F8150005B510 /* jsonWebVM.swift */; };
		EA2E03A52BA3AFB0005BC476 /* locModel.swift in Sources */ = {isa = PBXBuildFile; fileRef = EA2E03A42BA3AFB0005BC476 /* locModel.swift */; };
		EA2E03A92BA3C257005BC476 /* LocationManager.swift in Sources */ = {isa = PBXBuildFile; fileRef = EA2E03A82BA3C256005BC476 /* LocationManager.swift */; };
		EA39524E2BA38F420095D7B2 /* TravelCompanionApp.swift in Sources */ = {isa = PBXBuildFile; fileRef = EA39524D2BA38F420095D7B2 /* TravelCompanionApp.swift */; };
		EA3952502BA38F420095D7B2 /* ContentView.swift in Sources */ = {isa = PBXBuildFile; fileRef = EA39524F2BA38F420095D7B2 /* ContentView.swift */; };
		EA3952522BA38F430095D7B2 /* Assets.xcassets in Resources */ = {isa = PBXBuildFile; fileRef = EA3952512BA38F430095D7B2 /* Assets.xcassets */; };
		EA3952562BA38F430095D7B2 /* Preview Assets.xcassets in Resources */ = {isa = PBXBuildFile; fileRef = EA3952552BA38F430095D7B2 /* Preview Assets.xcassets */; };
		EA49BE252BC8AF36007132BB /* tableData.xcdatamodeld in Sources */ = {isa = PBXBuildFile; fileRef = EA49BE232BC8AF36007132BB /* tableData.xcdatamodeld */; };
		EA49BE272BC8AF86007132BB /* coreDataManager.swift in Sources */ = {isa = PBXBuildFile; fileRef = EA49BE262BC8AF86007132BB /* coreDataManager.swift */; };
		EA4FB8172BC8CE5400092C17 /* DetailView.swift in Sources */ = {isa = PBXBuildFile; fileRef = EA4FB8162BC8CE5400092C17 /* DetailView.swift */; };
		EA4FB8192BC8CEBF00092C17 /* AddLocView.swift in Sources */ = {isa = PBXBuildFile; fileRef = EA4FB8182BC8CEBF00092C17 /* AddLocView.swift */; };
/* End PBXBuildFile section */

/* Begin PBXContainerItemProxy section */
		EA39525C2BA38F430095D7B2 /* PBXContainerItemProxy */ = {
			isa = PBXContainerItemProxy;
			containerPortal = EA3952422BA38F420095D7B2 /* Project object */;
			proxyType = 1;
			remoteGlobalIDString = EA3952492BA38F420095D7B2;
			remoteInfo = TravelCompanion;
		};
		EA3952662BA38F430095D7B2 /* PBXContainerItemProxy */ = {
			isa = PBXContainerItemProxy;
			containerPortal = EA3952422BA38F420095D7B2 /* Project object */;
			proxyType = 1;
			remoteGlobalIDString = EA3952492BA38F420095D7B2;
			remoteInfo = TravelCompanion;
		};
/* End PBXContainerItemProxy section */

/* Begin PBXFileReference section */
		EA10CB0D2BC5F8150005B510 /* jsonWebVM.swift */ = {isa = PBXFileReference; lastKnownFileType = sourcecode.swift; path = jsonWebVM.swift; sourceTree = "<group>"; };
		EA2E03A42BA3AFB0005BC476 /* locModel.swift */ = {isa = PBXFileReference; lastKnownFileType = sourcecode.swift; path = locModel.swift; sourceTree = "<group>"; };
		EA2E03A82BA3C256005BC476 /* LocationManager.swift */ = {isa = PBXFileReference; fileEncoding = 4; lastKnownFileType = sourcecode.swift; path = LocationManager.swift; sourceTree = "<group>"; };
		EA39524A2BA38F420095D7B2 /* TravelCompanion.app */ = {isa = PBXFileReference; explicitFileType = wrapper.application; includeInIndex = 0; path = TravelCompanion.app; sourceTree = BUILT_PRODUCTS_DIR; };
		EA39524D2BA38F420095D7B2 /* TravelCompanionApp.swift */ = {isa = PBXFileReference; lastKnownFileType = sourcecode.swift; path = TravelCompanionApp.swift; sourceTree = "<group>"; };
		EA39524F2BA38F420095D7B2 /* ContentView.swift */ = {isa = PBXFileReference; lastKnownFileType = sourcecode.swift; path = ContentView.swift; sourceTree = "<group>"; };
		EA3952512BA38F430095D7B2 /* Assets.xcassets */ = {isa = PBXFileReference; lastKnownFileType = folder.assetcatalog; path = Assets.xcassets; sourceTree = "<group>"; };
		EA3952532BA38F430095D7B2 /* TravelCompanion.entitlements */ = {isa = PBXFileReference; lastKnownFileType = text.plist.entitlements; path = TravelCompanion.entitlements; sourceTree = "<group>"; };
		EA3952552BA38F430095D7B2 /* Preview Assets.xcassets */ = {isa = PBXFileReference; lastKnownFileType = folder.assetcatalog; path = "Preview Assets.xcassets"; sourceTree = "<group>"; };
		EA39525B2BA38F430095D7B2 /* TravelCompanionTests.xctest */ = {isa = PBXFileReference; explicitFileType = wrapper.cfbundle; includeInIndex = 0; path = TravelCompanionTests.xctest; sourceTree = BUILT_PRODUCTS_DIR; };
		EA3952652BA38F430095D7B2 /* TravelCompanionUITests.xctest */ = {isa = PBXFileReference; explicitFileType = wrapper.cfbundle; includeInIndex = 0; path = TravelCompanionUITests.xctest; sourceTree = BUILT_PRODUCTS_DIR; };
		EA49BE242BC8AF36007132BB /* tableData.xcdatamodel */ = {isa = PBXFileReference; lastKnownFileType = wrapper.xcdatamodel; path = tableData.xcdatamodel; sourceTree = "<group>"; };
		EA49BE262BC8AF86007132BB /* coreDataManager.swift */ = {isa = PBXFileReference; lastKnownFileType = sourcecode.swift; path = coreDataManager.swift; sourceTree = "<group>"; };
		EA4FB8162BC8CE5400092C17 /* DetailView.swift */ = {isa = PBXFileReference; lastKnownFileType = sourcecode.swift; path = DetailView.swift; sourceTree = "<group>"; };
		EA4FB8182BC8CEBF00092C17 /* AddLocView.swift */ = {isa = PBXFileReference; lastKnownFileType = sourcecode.swift; path = AddLocView.swift; sourceTree = "<group>"; };
/* End PBXFileReference section */

/* Begin PBXFrameworksBuildPhase section */
		EA3952472BA38F420095D7B2 /* Frameworks */ = {
			isa = PBXFrameworksBuildPhase;
			buildActionMask = 2147483647;
			files = (
			);
			runOnlyForDeploymentPostprocessing = 0;
		};
		EA3952582BA38F430095D7B2 /* Frameworks */ = {
			isa = PBXFrameworksBuildPhase;
			buildActionMask = 2147483647;
			files = (
			);
			runOnlyForDeploymentPostprocessing = 0;
		};
		EA3952622BA38F430095D7B2 /* Frameworks */ = {
			isa = PBXFrameworksBuildPhase;
			buildActionMask = 2147483647;
			files = (
			);
			runOnlyForDeploymentPostprocessing = 0;
		};
/* End PBXFrameworksBuildPhase section */

/* Begin PBXGroup section */
		EA3952412BA38F420095D7B2 = {
			isa = PBXGroup;
			children = (
				EA39524C2BA38F420095D7B2 /* TravelCompanion */,
				EA39524B2BA38F420095D7B2 /* Products */,
			);
			sourceTree = "<group>";
		};
		EA39524B2BA38F420095D7B2 /* Products */ = {
			isa = PBXGroup;
			children = (
				EA39524A2BA38F420095D7B2 /* TravelCompanion.app */,
				EA39525B2BA38F430095D7B2 /* TravelCompanionTests.xctest */,
				EA3952652BA38F430095D7B2 /* TravelCompanionUITests.xctest */,
			);
			name = Products;
			sourceTree = "<group>";
		};
		EA39524C2BA38F420095D7B2 /* TravelCompanion */ = {
			isa = PBXGroup;
			children = (
				EA2E03A82BA3C256005BC476 /* LocationManager.swift */,
				EA4FB8182BC8CEBF00092C17 /* AddLocView.swift */,
				EA39524D2BA38F420095D7B2 /* TravelCompanionApp.swift */,
				EA4FB8162BC8CE5400092C17 /* DetailView.swift */,
				EA39524F2BA38F420095D7B2 /* ContentView.swift */,
				EA2E03A42BA3AFB0005BC476 /* locModel.swift */,
				EA10CB0D2BC5F8150005B510 /* jsonWebVM.swift */,
				EA49BE262BC8AF86007132BB /* coreDataManager.swift */,
				EA49BE232BC8AF36007132BB /* tableData.xcdatamodeld */,
				EA3952512BA38F430095D7B2 /* Assets.xcassets */,
				EA3952532BA38F430095D7B2 /* TravelCompanion.entitlements */,
				EA3952542BA38F430095D7B2 /* Preview Content */,
			);
			path = TravelCompanion;
			sourceTree = "<group>";
		};
		EA3952542BA38F430095D7B2 /* Preview Content */ = {
			isa = PBXGroup;
			children = (
				EA3952552BA38F430095D7B2 /* Preview Assets.xcassets */,
			);
			path = "Preview Content";
			sourceTree = "<group>";
		};
/* End PBXGroup section */

/* Begin PBXNativeTarget section */
		EA3952492BA38F420095D7B2 /* TravelCompanion */ = {
			isa = PBXNativeTarget;
			buildConfigurationList = EA39526F2BA38F430095D7B2 /* Build configuration list for PBXNativeTarget "TravelCompanion" */;
			buildPhases = (
				EA3952462BA38F420095D7B2 /* Sources */,
				EA3952472BA38F420095D7B2 /* Frameworks */,
				EA3952482BA38F420095D7B2 /* Resources */,
			);
			buildRules = (
			);
			dependencies = (
			);
			name = TravelCompanion;
			productName = TravelCompanion;
			productReference = EA39524A2BA38F420095D7B2 /* TravelCompanion.app */;
			productType = "com.apple.product-type.application";
		};
		EA39525A2BA38F430095D7B2 /* TravelCompanionTests */ = {
			isa = PBXNativeTarget;
			buildConfigurationList = EA3952722BA38F430095D7B2 /* Build configuration list for PBXNativeTarget "TravelCompanionTests" */;
			buildPhases = (
				EA3952572BA38F430095D7B2 /* Sources */,
				EA3952582BA38F430095D7B2 /* Frameworks */,
				EA3952592BA38F430095D7B2 /* Resources */,
			);
			buildRules = (
			);
			dependencies = (
				EA39525D2BA38F430095D7B2 /* PBXTargetDependency */,
			);
			name = TravelCompanionTests;
			productName = TravelCompanionTests;
			productReference = EA39525B2BA38F430095D7B2 /* TravelCompanionTests.xctest */;
			productType = "com.apple.product-type.bundle.unit-test";
		};
		EA3952642BA38F430095D7B2 /* TravelCompanionUITests */ = {
			isa = PBXNativeTarget;
			buildConfigurationList = EA3952752BA38F430095D7B2 /* Build configuration list for PBXNativeTarget "TravelCompanionUITests" */;
			buildPhases = (
				EA3952612BA38F430095D7B2 /* Sources */,
				EA3952622BA38F430095D7B2 /* Frameworks */,
				EA3952632BA38F430095D7B2 /* Resources */,
			);
			buildRules = (
			);
			dependencies = (
				EA3952672BA38F430095D7B2 /* PBXTargetDependency */,
			);
			name = TravelCompanionUITests;
			productName = TravelCompanionUITests;
			productReference = EA3952652BA38F430095D7B2 /* TravelCompanionUITests.xctest */;
			productType = "com.apple.product-type.bundle.ui-testing";
		};
/* End PBXNativeTarget section */

/* Begin PBXProject section */
		EA3952422BA38F420095D7B2 /* Project object */ = {
			isa = PBXProject;
			attributes = {
				BuildIndependentTargetsInParallel = 1;
				LastSwiftUpdateCheck = 1430;
				LastUpgradeCheck = 1430;
				TargetAttributes = {
					EA3952492BA38F420095D7B2 = {
						CreatedOnToolsVersion = 14.3;
					};
					EA39525A2BA38F430095D7B2 = {
						CreatedOnToolsVersion = 14.3;
						TestTargetID = EA3952492BA38F420095D7B2;
					};
					EA3952642BA38F430095D7B2 = {
						CreatedOnToolsVersion = 14.3;
						TestTargetID = EA3952492BA38F420095D7B2;
					};
				};
			};
			buildConfigurationList = EA3952452BA38F420095D7B2 /* Build configuration list for PBXProject "TravelCompanion" */;
			compatibilityVersion = "Xcode 14.0";
			developmentRegion = en;
			hasScannedForEncodings = 0;
			knownRegions = (
				en,
				Base,
			);
			mainGroup = EA3952412BA38F420095D7B2;
			productRefGroup = EA39524B2BA38F420095D7B2 /* Products */;
			projectDirPath = "";
			projectRoot = "";
			targets = (
				EA3952492BA38F420095D7B2 /* TravelCompanion */,
				EA39525A2BA38F430095D7B2 /* TravelCompanionTests */,
				EA3952642BA38F430095D7B2 /* TravelCompanionUITests */,
			);
		};
/* End PBXProject section */

/* Begin PBXResourcesBuildPhase section */
		EA3952482BA38F420095D7B2 /* Resources */ = {
			isa = PBXResourcesBuildPhase;
			buildActionMask = 2147483647;
			files = (
				EA3952562BA38F430095D7B2 /* Preview Assets.xcassets in Resources */,
				EA3952522BA38F430095D7B2 /* Assets.xcassets in Resources */,
			);
			runOnlyForDeploymentPostprocessing = 0;
		};
		EA3952592BA38F430095D7B2 /* Resources */ = {
			isa = PBXResourcesBuildPhase;
			buildActionMask = 2147483647;
			files = (
			);
			runOnlyForDeploymentPostprocessing = 0;
		};
		EA3952632BA38F430095D7B2 /* Resources */ = {
			isa = PBXResourcesBuildPhase;
			buildActionMask = 2147483647;
			files = (
			);
			runOnlyForDeploymentPostprocessing = 0;
		};
/* End PBXResourcesBuildPhase section */

/* Begin PBXSourcesBuildPhase section */
		EA3952462BA38F420095D7B2 /* Sources */ = {
			isa = PBXSourcesBuildPhase;
			buildActionMask = 2147483647;
			files = (
				EA10CB0E2BC5F8150005B510 /* jsonWebVM.swift in Sources */,
				EA4FB8172BC8CE5400092C17 /* DetailView.swift in Sources */,
				EA2E03A92BA3C257005BC476 /* LocationManager.swift in Sources */,
				EA3952502BA38F420095D7B2 /* ContentView.swift in Sources */,
				EA2E03A52BA3AFB0005BC476 /* locModel.swift in Sources */,
				EA49BE252BC8AF36007132BB /* tableData.xcdatamodeld in Sources */,
				EA39524E2BA38F420095D7B2 /* TravelCompanionApp.swift in Sources */,
				EA4FB8192BC8CEBF00092C17 /* AddLocView.swift in Sources */,
				EA49BE272BC8AF86007132BB /* coreDataManager.swift in Sources */,
			);
			runOnlyForDeploymentPostprocessing = 0;
		};
		EA3952572BA38F430095D7B2 /* Sources */ = {
			isa = PBXSourcesBuildPhase;
			buildActionMask = 2147483647;
			files = (
			);
			runOnlyForDeploymentPostprocessing = 0;
		};
		EA3952612BA38F430095D7B2 /* Sources */ = {
			isa = PBXSourcesBuildPhase;
			buildActionMask = 2147483647;
			files = (
			);
			runOnlyForDeploymentPostprocessing = 0;
		};
/* End PBXSourcesBuildPhase section */

/* Begin PBXTargetDependency section */
		EA39525D2BA38F430095D7B2 /* PBXTargetDependency */ = {
			isa = PBXTargetDependency;
			target = EA3952492BA38F420095D7B2 /* TravelCompanion */;
			targetProxy = EA39525C2BA38F430095D7B2 /* PBXContainerItemProxy */;
		};
		EA3952672BA38F430095D7B2 /* PBXTargetDependency */ = {
			isa = PBXTargetDependency;
			target = EA3952492BA38F420095D7B2 /* TravelCompanion */;
			targetProxy = EA3952662BA38F430095D7B2 /* PBXContainerItemProxy */;
		};
/* End PBXTargetDependency section */

/* Begin XCBuildConfiguration section */
		EA39526D2BA38F430095D7B2 /* Debug */ = {
			isa = XCBuildConfiguration;
			buildSettings = {
				ALWAYS_SEARCH_USER_PATHS = NO;
				CLANG_ANALYZER_NONNULL = YES;
				CLANG_ANALYZER_NUMBER_OBJECT_CONVERSION = YES_AGGRESSIVE;
				CLANG_CXX_LANGUAGE_STANDARD = "gnu++20";
				CLANG_ENABLE_MODULES = YES;
				CLANG_ENABLE_OBJC_ARC = YES;
				CLANG_ENABLE_OBJC_WEAK = YES;
				CLANG_WARN_BLOCK_CAPTURE_AUTORELEASING = YES;
				CLANG_WARN_BOOL_CONVERSION = YES;
				CLANG_WARN_COMMA = YES;
				CLANG_WARN_CONSTANT_CONVERSION = YES;
				CLANG_WARN_DEPRECATED_OBJC_IMPLEMENTATIONS = YES;
				CLANG_WARN_DIRECT_OBJC_ISA_USAGE = YES_ERROR;
				CLANG_WARN_DOCUMENTATION_COMMENTS = YES;
				CLANG_WARN_EMPTY_BODY = YES;
				CLANG_WARN_ENUM_CONVERSION = YES;
				CLANG_WARN_INFINITE_RECURSION = YES;
				CLANG_WARN_INT_CONVERSION = YES;
				CLANG_WARN_NON_LITERAL_NULL_CONVERSION = YES;
				CLANG_WARN_OBJC_IMPLICIT_RETAIN_SELF = YES;
				CLANG_WARN_OBJC_LITERAL_CONVERSION = YES;
				CLANG_WARN_OBJC_ROOT_CLASS = YES_ERROR;
				CLANG_WARN_QUOTED_INCLUDE_IN_FRAMEWORK_HEADER = YES;
				CLANG_WARN_RANGE_LOOP_ANALYSIS = YES;
				CLANG_WARN_STRICT_PROTOTYPES = YES;
				CLANG_WARN_SUSPICIOUS_MOVE = YES;
				CLANG_WARN_UNGUARDED_AVAILABILITY = YES_AGGRESSIVE;
				CLANG_WARN_UNREACHABLE_CODE = YES;
				CLANG_WARN__DUPLICATE_METHOD_MATCH = YES;
				COPY_PHASE_STRIP = NO;
				DEBUG_INFORMATION_FORMAT = dwarf;
				ENABLE_STRICT_OBJC_MSGSEND = YES;
				ENABLE_TESTABILITY = YES;
				GCC_C_LANGUAGE_STANDARD = gnu11;
				GCC_DYNAMIC_NO_PIC = NO;
				GCC_NO_COMMON_BLOCKS = YES;
				GCC_OPTIMIZATION_LEVEL = 0;
				GCC_PREPROCESSOR_DEFINITIONS = (
					"DEBUG=1",
					"$(inherited)",
				);
				GCC_WARN_64_TO_32_BIT_CONVERSION = YES;
				GCC_WARN_ABOUT_RETURN_TYPE = YES_ERROR;
				GCC_WARN_UNDECLARED_SELECTOR = YES;
				GCC_WARN_UNINITIALIZED_AUTOS = YES_AGGRESSIVE;
				GCC_WARN_UNUSED_FUNCTION = YES;
				GCC_WARN_UNUSED_VARIABLE = YES;
				MTL_ENABLE_DEBUG_INFO = INCLUDE_SOURCE;
				MTL_FAST_MATH = YES;
				ONLY_ACTIVE_ARCH = YES;
				SWIFT_ACTIVE_COMPILATION_CONDITIONS = DEBUG;
				SWIFT_OPTIMIZATION_LEVEL = "-Onone";
			};
			name = Debug;
		};
		EA39526E2BA38F430095D7B2 /* Release */ = {
			isa = XCBuildConfiguration;
			buildSettings = {
				ALWAYS_SEARCH_USER_PATHS = NO;
				CLANG_ANALYZER_NONNULL = YES;
				CLANG_ANALYZER_NUMBER_OBJECT_CONVERSION = YES_AGGRESSIVE;
				CLANG_CXX_LANGUAGE_STANDARD = "gnu++20";
				CLANG_ENABLE_MODULES = YES;
				CLANG_ENABLE_OBJC_ARC = YES;
				CLANG_ENABLE_OBJC_WEAK = YES;
				CLANG_WARN_BLOCK_CAPTURE_AUTORELEASING = YES;
				CLANG_WARN_BOOL_CONVERSION = YES;
				CLANG_WARN_COMMA = YES;
				CLANG_WARN_CONSTANT_CONVERSION = YES;
				CLANG_WARN_DEPRECATED_OBJC_IMPLEMENTATIONS = YES;
				CLANG_WARN_DIRECT_OBJC_ISA_USAGE = YES_ERROR;
				CLANG_WARN_DOCUMENTATION_COMMENTS = YES;
				CLANG_WARN_EMPTY_BODY = YES;
				CLANG_WARN_ENUM_CONVERSION = YES;
				CLANG_WARN_INFINITE_RECURSION = YES;
				CLANG_WARN_INT_CONVERSION = YES;
				CLANG_WARN_NON_LITERAL_NULL_CONVERSION = YES;
				CLANG_WARN_OBJC_IMPLICIT_RETAIN_SELF = YES;
				CLANG_WARN_OBJC_LITERAL_CONVERSION = YES;
				CLANG_WARN_OBJC_ROOT_CLASS = YES_ERROR;
				CLANG_WARN_QUOTED_INCLUDE_IN_FRAMEWORK_HEADER = YES;
				CLANG_WARN_RANGE_LOOP_ANALYSIS = YES;
				CLANG_WARN_STRICT_PROTOTYPES = YES;
				CLANG_WARN_SUSPICIOUS_MOVE = YES;
				CLANG_WARN_UNGUARDED_AVAILABILITY = YES_AGGRESSIVE;
				CLANG_WARN_UNREACHABLE_CODE = YES;
				CLANG_WARN__DUPLICATE_METHOD_MATCH = YES;
				COPY_PHASE_STRIP = NO;
				DEBUG_INFORMATION_FORMAT = "dwarf-with-dsym";
				ENABLE_NS_ASSERTIONS = NO;
				ENABLE_STRICT_OBJC_MSGSEND = YES;
				GCC_C_LANGUAGE_STANDARD = gnu11;
				GCC_NO_COMMON_BLOCKS = YES;
				GCC_WARN_64_TO_32_BIT_CONVERSION = YES;
				GCC_WARN_ABOUT_RETURN_TYPE = YES_ERROR;
				GCC_WARN_UNDECLARED_SELECTOR = YES;
				GCC_WARN_UNINITIALIZED_AUTOS = YES_AGGRESSIVE;
				GCC_WARN_UNUSED_FUNCTION = YES;
				GCC_WARN_UNUSED_VARIABLE = YES;
				MTL_ENABLE_DEBUG_INFO = NO;
				MTL_FAST_MATH = YES;
				SWIFT_COMPILATION_MODE = wholemodule;
				SWIFT_OPTIMIZATION_LEVEL = "-O";
			};
			name = Release;
		};
		EA3952702BA38F430095D7B2 /* Debug */ = {
			isa = XCBuildConfiguration;
			buildSettings = {
				ASSETCATALOG_COMPILER_APPICON_NAME = AppIcon;
				ASSETCATALOG_COMPILER_GLOBAL_ACCENT_COLOR_NAME = AccentColor;
				CODE_SIGN_ENTITLEMENTS = TravelCompanion/TravelCompanion.entitlements;
				CODE_SIGN_STYLE = Automatic;
				CURRENT_PROJECT_VERSION = 1;
				DEVELOPMENT_ASSET_PATHS = "\"TravelCompanion/Preview Content\"";
				ENABLE_PREVIEWS = YES;
				GENERATE_INFOPLIST_FILE = YES;
				INFOPLIST_KEY_NSLocationAlwaysAndWhenInUseUsageDescription = "Use Location";
				INFOPLIST_KEY_NSLocationWhenInUseUsageDescription = "My Location";
				"INFOPLIST_KEY_UIApplicationSceneManifest_Generation[sdk=iphoneos*]" = YES;
				"INFOPLIST_KEY_UIApplicationSceneManifest_Generation[sdk=iphonesimulator*]" = YES;
				INFOPLIST_KEY_UIApplicationSupportsIndirectInputEvents = YES;
				"INFOPLIST_KEY_UIApplicationSupportsIndirectInputEvents[sdk=iphoneos*]" = YES;
				"INFOPLIST_KEY_UIApplicationSupportsIndirectInputEvents[sdk=iphonesimulator*]" = YES;
				"INFOPLIST_KEY_UILaunchScreen_Generation[sdk=iphoneos*]" = YES;
				"INFOPLIST_KEY_UILaunchScreen_Generation[sdk=iphonesimulator*]" = YES;
				"INFOPLIST_KEY_UIStatusBarStyle[sdk=iphoneos*]" = UIStatusBarStyleDefault;
				"INFOPLIST_KEY_UIStatusBarStyle[sdk=iphonesimulator*]" = UIStatusBarStyleDefault;
				INFOPLIST_KEY_UISupportedInterfaceOrientations_iPad = "UIInterfaceOrientationPortrait UIInterfaceOrientationPortraitUpsideDown UIInterfaceOrientationLandscapeLeft UIInterfaceOrientationLandscapeRight";
				INFOPLIST_KEY_UISupportedInterfaceOrientations_iPhone = "UIInterfaceOrientationPortrait UIInterfaceOrientationLandscapeLeft UIInterfaceOrientationLandscapeRight";
				IPHONEOS_DEPLOYMENT_TARGET = 16.4;
				LD_RUNPATH_SEARCH_PATHS = "@executable_path/Frameworks";
				"LD_RUNPATH_SEARCH_PATHS[sdk=macosx*]" = "@executable_path/../Frameworks";
				MACOSX_DEPLOYMENT_TARGET = 13.3;
				MARKETING_VERSION = 1.0;
				PRODUCT_BUNDLE_IDENTIFIER = MajdSalti.TravelCompanion;
				PRODUCT_NAME = "$(TARGET_NAME)";
				SDKROOT = auto;
				SUPPORTED_PLATFORMS = "iphoneos iphonesimulator macosx";
				SWIFT_EMIT_LOC_STRINGS = YES;
				SWIFT_VERSION = 5.0;
				TARGETED_DEVICE_FAMILY = "1,2";
			};
			name = Debug;
		};
		EA3952712BA38F430095D7B2 /* Release */ = {
			isa = XCBuildConfiguration;
			buildSettings = {
				ASSETCATALOG_COMPILER_APPICON_NAME = AppIcon;
				ASSETCATALOG_COMPILER_GLOBAL_ACCENT_COLOR_NAME = AccentColor;
				CODE_SIGN_ENTITLEMENTS = TravelCompanion/TravelCompanion.entitlements;
				CODE_SIGN_STYLE = Automatic;
				CURRENT_PROJECT_VERSION = 1;
				DEVELOPMENT_ASSET_PATHS = "\"TravelCompanion/Preview Content\"";
				ENABLE_PREVIEWS = YES;
				GENERATE_INFOPLIST_FILE = YES;
				INFOPLIST_KEY_NSLocationAlwaysAndWhenInUseUsageDescription = "Use Location";
				INFOPLIST_KEY_NSLocationWhenInUseUsageDescription = "My Location";
				"INFOPLIST_KEY_UIApplicationSceneManifest_Generation[sdk=iphoneos*]" = YES;
				"INFOPLIST_KEY_UIApplicationSceneManifest_Generation[sdk=iphonesimulator*]" = YES;
				INFOPLIST_KEY_UIApplicationSupportsIndirectInputEvents = YES;
				"INFOPLIST_KEY_UIApplicationSupportsIndirectInputEvents[sdk=iphoneos*]" = YES;
				"INFOPLIST_KEY_UIApplicationSupportsIndirectInputEvents[sdk=iphonesimulator*]" = YES;
				"INFOPLIST_KEY_UILaunchScreen_Generation[sdk=iphoneos*]" = YES;
				"INFOPLIST_KEY_UILaunchScreen_Generation[sdk=iphonesimulator*]" = YES;
				"INFOPLIST_KEY_UIStatusBarStyle[sdk=iphoneos*]" = UIStatusBarStyleDefault;
				"INFOPLIST_KEY_UIStatusBarStyle[sdk=iphonesimulator*]" = UIStatusBarStyleDefault;
				INFOPLIST_KEY_UISupportedInterfaceOrientations_iPad = "UIInterfaceOrientationPortrait UIInterfaceOrientationPortraitUpsideDown UIInterfaceOrientationLandscapeLeft UIInterfaceOrientationLandscapeRight";
				INFOPLIST_KEY_UISupportedInterfaceOrientations_iPhone = "UIInterfaceOrientationPortrait UIInterfaceOrientationLandscapeLeft UIInterfaceOrientationLandscapeRight";
				IPHONEOS_DEPLOYMENT_TARGET = 16.4;
				LD_RUNPATH_SEARCH_PATHS = "@executable_path/Frameworks";
				"LD_RUNPATH_SEARCH_PATHS[sdk=macosx*]" = "@executable_path/../Frameworks";
				MACOSX_DEPLOYMENT_TARGET = 13.3;
				MARKETING_VERSION = 1.0;
				PRODUCT_BUNDLE_IDENTIFIER = MajdSalti.TravelCompanion;
				PRODUCT_NAME = "$(TARGET_NAME)";
				SDKROOT = auto;
				SUPPORTED_PLATFORMS = "iphoneos iphonesimulator macosx";
				SWIFT_EMIT_LOC_STRINGS = YES;
				SWIFT_VERSION = 5.0;
				TARGETED_DEVICE_FAMILY = "1,2";
			};
			name = Release;
		};
		EA3952732BA38F430095D7B2 /* Debug */ = {
			isa = XCBuildConfiguration;
			buildSettings = {
				ALWAYS_EMBED_SWIFT_STANDARD_LIBRARIES = YES;
				BUNDLE_LOADER = "$(TEST_HOST)";
				CODE_SIGN_STYLE = Automatic;
				CURRENT_PROJECT_VERSION = 1;
				GENERATE_INFOPLIST_FILE = YES;
				IPHONEOS_DEPLOYMENT_TARGET = 16.4;
				MACOSX_DEPLOYMENT_TARGET = 13.3;
				MARKETING_VERSION = 1.0;
				PRODUCT_BUNDLE_IDENTIFIER = MajdSalti.TravelCompanionTests;
				PRODUCT_NAME = "$(TARGET_NAME)";
				SDKROOT = auto;
				SUPPORTED_PLATFORMS = "iphoneos iphonesimulator macosx";
				SWIFT_EMIT_LOC_STRINGS = NO;
				SWIFT_VERSION = 5.0;
				TARGETED_DEVICE_FAMILY = "1,2";
				TEST_HOST = "$(BUILT_PRODUCTS_DIR)/TravelCompanion.app/$(BUNDLE_EXECUTABLE_FOLDER_PATH)/TravelCompanion";
			};
			name = Debug;
		};
		EA3952742BA38F430095D7B2 /* Release */ = {
			isa = XCBuildConfiguration;
			buildSettings = {
				ALWAYS_EMBED_SWIFT_STANDARD_LIBRARIES = YES;
				BUNDLE_LOADER = "$(TEST_HOST)";
				CODE_SIGN_STYLE = Automatic;
				CURRENT_PROJECT_VERSION = 1;
				GENERATE_INFOPLIST_FILE = YES;
				IPHONEOS_DEPLOYMENT_TARGET = 16.4;
				MACOSX_DEPLOYMENT_TARGET = 13.3;
				MARKETING_VERSION = 1.0;
				PRODUCT_BUNDLE_IDENTIFIER = MajdSalti.TravelCompanionTests;
				PRODUCT_NAME = "$(TARGET_NAME)";
				SDKROOT = auto;
				SUPPORTED_PLATFORMS = "iphoneos iphonesimulator macosx";
				SWIFT_EMIT_LOC_STRINGS = NO;
				SWIFT_VERSION = 5.0;
				TARGETED_DEVICE_FAMILY = "1,2";
				TEST_HOST = "$(BUILT_PRODUCTS_DIR)/TravelCompanion.app/$(BUNDLE_EXECUTABLE_FOLDER_PATH)/TravelCompanion";
			};
			name = Release;
		};
		EA3952762BA38F430095D7B2 /* Debug */ = {
			isa = XCBuildConfiguration;
			buildSettings = {
				ALWAYS_EMBED_SWIFT_STANDARD_LIBRARIES = YES;
				CODE_SIGN_STYLE = Automatic;
				CURRENT_PROJECT_VERSION = 1;
				GENERATE_INFOPLIST_FILE = YES;
				IPHONEOS_DEPLOYMENT_TARGET = 16.4;
				MACOSX_DEPLOYMENT_TARGET = 13.3;
				MARKETING_VERSION = 1.0;
				PRODUCT_BUNDLE_IDENTIFIER = MajdSalti.TravelCompanionUITests;
				PRODUCT_NAME = "$(TARGET_NAME)";
				SDKROOT = auto;
				SUPPORTED_PLATFORMS = "iphoneos iphonesimulator macosx";
				SWIFT_EMIT_LOC_STRINGS = NO;
				SWIFT_VERSION = 5.0;
				TARGETED_DEVICE_FAMILY = "1,2";
				TEST_TARGET_NAME = TravelCompanion;
			};
			name = Debug;
		};
		EA3952772BA38F430095D7B2 /* Release */ = {
			isa = XCBuildConfiguration;
			buildSettings = {
				ALWAYS_EMBED_SWIFT_STANDARD_LIBRARIES = YES;
				CODE_SIGN_STYLE = Automatic;
				CURRENT_PROJECT_VERSION = 1;
				GENERATE_INFOPLIST_FILE = YES;
				IPHONEOS_DEPLOYMENT_TARGET = 16.4;
				MACOSX_DEPLOYMENT_TARGET = 13.3;
				MARKETING_VERSION = 1.0;
				PRODUCT_BUNDLE_IDENTIFIER = MajdSalti.TravelCompanionUITests;
				PRODUCT_NAME = "$(TARGET_NAME)";
				SDKROOT = auto;
				SUPPORTED_PLATFORMS = "iphoneos iphonesimulator macosx";
				SWIFT_EMIT_LOC_STRINGS = NO;
				SWIFT_VERSION = 5.0;
				TARGETED_DEVICE_FAMILY = "1,2";
				TEST_TARGET_NAME = TravelCompanion;
			};
			name = Release;
		};
/* End XCBuildConfiguration section */

/* Begin XCConfigurationList section */
		EA3952452BA38F420095D7B2 /* Build configuration list for PBXProject "TravelCompanion" */ = {
			isa = XCConfigurationList;
			buildConfigurations = (
				EA39526D2BA38F430095D7B2 /* Debug */,
				EA39526E2BA38F430095D7B2 /* Release */,
			);
			defaultConfigurationIsVisible = 0;
			defaultConfigurationName = Release;
		};
		EA39526F2BA38F430095D7B2 /* Build configuration list for PBXNativeTarget "TravelCompanion" */ = {
			isa = XCConfigurationList;
			buildConfigurations = (
				EA3952702BA38F430095D7B2 /* Debug */,
				EA3952712BA38F430095D7B2 /* Release */,
			);
			defaultConfigurationIsVisible = 0;
			defaultConfigurationName = Release;
		};
		EA3952722BA38F430095D7B2 /* Build configuration list for PBXNativeTarget "TravelCompanionTests" */ = {
			isa = XCConfigurationList;
			buildConfigurations = (
				EA3952732BA38F430095D7B2 /* Debug */,
				EA3952742BA38F430095D7B2 /* Release */,
			);
			defaultConfigurationIsVisible = 0;
			defaultConfigurationName = Release;
		};
		EA3952752BA38F430095D7B2 /* Build configuration list for PBXNativeTarget "TravelCompanionUITests" */ = {
			isa = XCConfigurationList;
			buildConfigurations = (
				EA3952762BA38F430095D7B2 /* Debug */,
				EA3952772BA38F430095D7B2 /* Release */,
			);
			defaultConfigurationIsVisible = 0;
			defaultConfigurationName = Release;
		};
/* End XCConfigurationList section */

/* Begin XCVersionGroup section */
		EA49BE232BC8AF36007132BB /* tableData.xcdatamodeld */ = {
			isa = XCVersionGroup;
			children = (
				EA49BE242BC8AF36007132BB /* tableData.xcdatamodel */,
			);
			currentVersion = EA49BE242BC8AF36007132BB /* tableData.xcdatamodel */;
			path = tableData.xcdatamodeld;
			sourceTree = "<group>";
			versionGroupType = wrapper.xcdatamodel;
		};
/* End XCVersionGroup section */
	};
	rootObject = EA3952422BA38F420095D7B2 /* Project object */;
}
